
Microsoft Visual Studio Solution File, Format Version 12.00
# Visual Studio Version 17
VisualStudioVersion = 17.10.35013.160
MinimumVisualStudioVersion = 10.0.40219.1
Project("{FAE04EC0-301F-11D3-BF4B-00C04F79EFBC}") = "Stock Control Application", "Stock Control Application\Stock Control Application.csproj", "{BBD9D24E-6AC7-43BB-B3EA-75918B12C0F0}"
EndProject
Global
	GlobalSection(SolutionConfigurationPlatforms) = preSolution
		Debug|Any CPU = Debug|Any CPU
		Release|Any CPU = Release|Any CPU
	EndGlobalSection
	GlobalSection(ProjectConfigurationPlatforms) = postSolution
		{BBD9D24E-6AC7-43BB-B3EA-75918B12C0F0}.Debug|Any CPU.ActiveCfg = Debug|Any CPU
		{BBD9D24E-6AC7-43BB-B3EA-75918B12C0F0}.Debug|Any CPU.Build.0 = Debug|Any CPU
		{BBD9D24E-6AC7-43BB-B3EA-75918B12C0F0}.Release|Any CPU.ActiveCfg = Release|Any CPU
		{BBD9D24E-6AC7-43BB-B3EA-75918B12C0F0}.Release|Any CPU.Build.0 = Release|Any CPU
	EndGlobalSection
	GlobalSection(SolutionProperties) = preSolution
		HideSolutionNode = FALSE
	EndGlobalSection
	GlobalSection(ExtensibilityGlobals) = postSolution
		SolutionGuid = {224AB00D-D8A1-4FEF-91AE-3C5F989FD7C4}
	EndGlobalSection
EndGlobal
